{
  "name": "@etherscan/etherscan",
  "version": "0.0.0-development",
  "lockfileVersion": 3,
  "requires": true,
  "packages": {
    "": {
      "name": "@etherscan/etherscan",
      "version": "0.0.0-development",
      "hasInstallScript": true,
      "license": "MIT",
      "bin": {
        "etherscan": "npm/bin/etherscan.js"
      },
      "engines": {
        "node": ">=18"
      }
    }
  }
}
